// !$*UTF8*$!
{
	archiveVersion = 1;
	classes = {
	};
	objectVersion = 46;
	objects = {

/* Begin PBXBuildFile section */
		4D31D17D651FE38BE6015455 /* Pods_ParseJSON.framework in Frameworks */ = {isa = PBXBuildFile; fileRef = EF3F7B0339A1556978AC4261 /* Pods_ParseJSON.framework */; };
		C8A62F361DC2148F00104A41 /* AppDelegate.swift in Sources */ = {isa = PBXBuildFile; fileRef = C8A62F351DC2148F00104A41 /* AppDelegate.swift */; };
		C8A62F381DC2148F00104A41 /* ViewController.swift in Sources */ = {isa = PBXBuildFile; fileRef = C8A62F371DC2148F00104A41 /* ViewController.swift */; };
		C8A62F3B1DC2148F00104A41 /* Main.storyboard in Resources */ = {isa = PBXBuildFile; fileRef = C8A62F391DC2148F00104A41 /* Main.storyboard */; };
		C8A62F3D1DC2148F00104A41 /* Assets.xcassets in Resources */ = {isa = PBXBuildFile; fileRef = C8A62F3C1DC2148F00104A41 /* Assets.xcassets */; };
		C8A62F401DC2148F00104A41 /* LaunchScreen.storyboard in Resources */ = {isa = PBXBuildFile; fileRef = C8A62F3E1DC2148F00104A41 /* LaunchScreen.storyboard */; };
		C8A62F4B1DC2148F00104A41 /* ParseJSONTests.swift in Sources */ = {isa = PBXBuildFile; fileRef = C8A62F4A1DC2148F00104A41 /* ParseJSONTests.swift */; };
		C8A62F561DC2148F00104A41 /* ParseJSONUITests.swift in Sources */ = {isa = PBXBuildFile; fileRef = C8A62F551DC2148F00104A41 /* ParseJSONUITests.swift */; };
		C8A62F641DC2174200104A41 /* SwiftyJSON.framework in Frameworks */ = {isa = PBXBuildFile; fileRef = C8A62F631DC2174200104A41 /* SwiftyJSON.framework */; };
		C8A62F661DC2178600104A41 /* JsonFile.json in Resources */ = {isa = PBXBuildFile; fileRef = C8A62F651DC2178600104A41 /* JsonFile.json */; };
/* End PBXBuildFile section */

/* Begin PBXContainerItemProxy section */
		C8A62F471DC2148F00104A41 /* PBXContainerItemProxy */ = {
			isa = PBXContainerItemProxy;
			containerPortal = C8A62F2A1DC2148F00104A41 /* Project object */;
			proxyType = 1;
			remoteGlobalIDString = C8A62F311DC2148F00104A41;
			remoteInfo = ParseJSON;
		};
		C8A62F521DC2148F00104A41 /* PBXContainerItemProxy */ = {
			isa = PBXContainerItemProxy;
			containerPortal = C8A62F2A1DC2148F00104A41 /* Project object */;
			proxyType = 1;
			remoteGlobalIDString = C8A62F311DC2148F00104A41;
			remoteInfo = ParseJSON;
		};
/* End PBXContainerItemProxy section */

/* Begin PBXFileReference section */
		C7642CB0355CAEE3C290A15C /* Pods-ParseJSON.debug.xcconfig */ = {isa = PBXFileReference; includeInIndex = 1; lastKnownFileType = text.xcconfig; name = "Pods-ParseJSON.debug.xcconfig"; path = "Pods/Target Support Files/Pods-ParseJSON/Pods-ParseJSON.debug.xcconfig"; sourceTree = "<group>"; };
		C8A62F321DC2148F00104A41 /* ParseJSON.app */ = {isa = PBXFileReference; explicitFileType = wrapper.application; includeInIndex = 0; path = ParseJSON.app; sourceTree = BUILT_PRODUCTS_DIR; };
		C8A62F351DC2148F00104A41 /* AppDelegate.swift */ = {isa = PBXFileReference; lastKnownFileType = sourcecode.swift; path = AppDelegate.swift; sourceTree = "<group>"; };
		C8A62F371DC2148F00104A41 /* ViewController.swift */ = {isa = PBXFileReference; lastKnownFileType = sourcecode.swift; path = ViewController.swift; sourceTree = "<group>"; };
		C8A62F3A1DC2148F00104A41 /* Base */ = {isa = PBXFileReference; lastKnownFileType = file.storyboard; name = Base; path = Base.lproj/Main.storyboard; sourceTree = "<group>"; };
		C8A62F3C1DC2148F00104A41 /* Assets.xcassets */ = {isa = PBXFileReference; lastKnownFileType = folder.assetcatalog; path = Assets.xcassets; sourceTree = "<group>"; };
		C8A62F3F1DC2148F00104A41 /* Base */ = {isa = PBXFileReference; lastKnownFileType = file.storyboard; name = Base; path = Base.lproj/LaunchScreen.storyboard; sourceTree = "<group>"; };
		C8A62F411DC2148F00104A41 /* Info.plist */ = {isa = PBXFileReference; lastKnownFileType = text.plist.xml; path = Info.plist; sourceTree = "<group>"; };
		C8A62F461DC2148F00104A41 /* ParseJSONTests.xctest */ = {isa = PBXFileReference; explicitFileType = wrapper.cfbundle; includeInIndex = 0; path = ParseJSONTests.xctest; sourceTree = BUILT_PRODUCTS_DIR; };
		C8A62F4A1DC2148F00104A41 /* ParseJSONTests.swift */ = {isa = PBXFileReference; lastKnownFileType = sourcecode.swift; path = ParseJSONTests.swift; sourceTree = "<group>"; };
		C8A62F4C1DC2148F00104A41 /* Info.plist */ = {isa = PBXFileReference; lastKnownFileType = text.plist.xml; path = Info.plist; sourceTree = "<group>"; };
		C8A62F511DC2148F00104A41 /* ParseJSONUITests.xctest */ = {isa = PBXFileReference; explicitFileType = wrapper.cfbundle; includeInIndex = 0; path = ParseJSONUITests.xctest; sourceTree = BUILT_PRODUCTS_DIR; };
		C8A62F551DC2148F00104A41 /* ParseJSONUITests.swift */ = {isa = PBXFileReference; lastKnownFileType = sourcecode.swift; path = ParseJSONUITests.swift; sourceTree = "<group>"; };
		C8A62F571DC2148F00104A41 /* Info.plist */ = {isa = PBXFileReference; lastKnownFileType = text.plist.xml; path = Info.plist; sourceTree = "<group>"; };
		C8A62F631DC2174200104A41 /* SwiftyJSON.framework */ = {isa = PBXFileReference; lastKnownFileType = wrapper.framework; name = SwiftyJSON.framework; path = "../../Library/Developer/Xcode/DerivedData/ParseJSON-abatkajgopvatrfnqptdtgdeyhyc/Build/Products/Debug-iphonesimulator/SwiftyJSON/SwiftyJSON.framework"; sourceTree = "<group>"; };
		C8A62F651DC2178600104A41 /* JsonFile.json */ = {isa = PBXFileReference; fileEncoding = 4; lastKnownFileType = text.json; path = JsonFile.json; sourceTree = "<group>"; };
		EF3F7B0339A1556978AC4261 /* Pods_ParseJSON.framework */ = {isa = PBXFileReference; explicitFileType = wrapper.framework; includeInIndex = 0; path = Pods_ParseJSON.framework; sourceTree = BUILT_PRODUCTS_DIR; };
		F48162F4EAAD9BA84375DF94 /* Pods-ParseJSON.release.xcconfig */ = {isa = PBXFileReference; includeInIndex = 1; lastKnownFileType = text.xcconfig; name = "Pods-ParseJSON.release.xcconfig"; path = "Pods/Target Support Files/Pods-ParseJSON/Pods-ParseJSON.release.xcconfig"; sourceTree = "<group>"; };
/* End PBXFileReference section */

/* Begin PBXFrameworksBuildPhase section */
		C8A62F2F1DC2148F00104A41 /* Frameworks */ = {
			isa = PBXFrameworksBuildPhase;
			buildActionMask = 2147483647;
			files = (
				C8A62F641DC2174200104A41 /* SwiftyJSON.framework in Frameworks */,
				4D31D17D651FE38BE6015455 /* Pods_ParseJSON.framework in Frameworks */,
			);
			runOnlyForDeploymentPostprocessing = 0;
		};
		C8A62F431DC2148F00104A41 /* Frameworks */ = {
			isa = PBXFrameworksBuildPhase;
			buildActionMask = 2147483647;
			files = (
			);
			runOnlyForDeploymentPostprocessing = 0;
		};
		C8A62F4E1DC2148F00104A41 /* Frameworks */ = {
			isa = PBXFrameworksBuildPhase;
			buildActionMask = 2147483647;
			files = (
			);
			runOnlyForDeploymentPostprocessing = 0;
		};
/* End PBXFrameworksBuildPhase section */

/* Begin PBXGroup section */
		621B0149988CEAD2EAA769FB /* Frameworks */ = {
			isa = PBXGroup;
			children = (
				C8A62F631DC2174200104A41 /* SwiftyJSON.framework */,
				EF3F7B0339A1556978AC4261 /* Pods_ParseJSON.framework */,
			);
			name = Frameworks;
			sourceTree = "<group>";
		};
		C8A62F291DC2148F00104A41 = {
			isa = PBXGroup;
			children = (
				C8A62F341DC2148F00104A41 /* ParseJSON */,
				C8A62F491DC2148F00104A41 /* ParseJSONTests */,
				C8A62F541DC2148F00104A41 /* ParseJSONUITests */,
				C8A62F331DC2148F00104A41 /* Products */,
				D6828B71EDB74A3C09692662 /* Pods */,
				621B0149988CEAD2EAA769FB /* Frameworks */,
			);
			sourceTree = "<group>";
		};
		C8A62F331DC2148F00104A41 /* Products */ = {
			isa = PBXGroup;
			children = (
				C8A62F321DC2148F00104A41 /* ParseJSON.app */,
				C8A62F461DC2148F00104A41 /* ParseJSONTests.xctest */,
				C8A62F511DC2148F00104A41 /* ParseJSONUITests.xctest */,
			);
			name = Products;
			sourceTree = "<group>";
		};
		C8A62F341DC2148F00104A41 /* ParseJSON */ = {
			isa = PBXGroup;
			children = (
				C8A62F351DC2148F00104A41 /* AppDelegate.swift */,
				C8A62F371DC2148F00104A41 /* ViewController.swift */,
				C8A62F391DC2148F00104A41 /* Main.storyboard */,
				C8A62F651DC2178600104A41 /* JsonFile.json */,
				C8A62F3C1DC2148F00104A41 /* Assets.xcassets */,
				C8A62F3E1DC2148F00104A41 /* LaunchScreen.storyboard */,
				C8A62F411DC2148F00104A41 /* Info.plist */,
			);
			path = ParseJSON;
			sourceTree = "<group>";
		};
		C8A62F491DC2148F00104A41 /* ParseJSONTests */ = {
			isa = PBXGroup;
			children = (
				C8A62F4A1DC2148F00104A41 /* ParseJSONTests.swift */,
				C8A62F4C1DC2148F00104A41 /* Info.plist */,
			);
			path = ParseJSONTests;
			sourceTree = "<group>";
		};
		C8A62F541DC2148F00104A41 /* ParseJSONUITests */ = {
			isa = PBXGroup;
			children = (
				C8A62F551DC2148F00104A41 /* ParseJSONUITests.swift */,
				C8A62F571DC2148F00104A41 /* Info.plist */,
			);
			path = ParseJSONUITests;
			sourceTree = "<group>";
		};
		D6828B71EDB74A3C09692662 /* Pods */ = {
			isa = PBXGroup;
			children = (
				C7642CB0355CAEE3C290A15C /* Pods-ParseJSON.debug.xcconfig */,
				F48162F4EAAD9BA84375DF94 /* Pods-ParseJSON.release.xcconfig */,
			);
			name = Pods;
			sourceTree = "<group>";
		};
/* End PBXGroup section */

/* Begin PBXNativeTarget section */
		C8A62F311DC2148F00104A41 /* ParseJSON */ = {
			isa = PBXNativeTarget;
			buildConfigurationList = C8A62F5A1DC2148F00104A41 /* Build configuration list for PBXNativeTarget "ParseJSON" */;
			buildPhases = (
				DD7B32A80C022A93AE83CE2F /* [CP] Check Pods Manifest.lock */,
				C8A62F2E1DC2148F00104A41 /* Sources */,
				C8A62F2F1DC2148F00104A41 /* Frameworks */,
				C8A62F301DC2148F00104A41 /* Resources */,
				428906F9718E280621308557 /* [CP] Embed Pods Frameworks */,
				73E8F9CCAE6906601E13CCB5 /* [CP] Copy Pods Resources */,
			);
			buildRules = (
			);
			dependencies = (
			);
			name = ParseJSON;
			productName = ParseJSON;
			productReference = C8A62F321DC2148F00104A41 /* ParseJSON.app */;
			productType = "com.apple.product-type.application";
		};
		C8A62F451DC2148F00104A41 /* ParseJSONTests */ = {
			isa = PBXNativeTarget;
			buildConfigurationList = C8A62F5D1DC2148F00104A41 /* Build configuration list for PBXNativeTarget "ParseJSONTests" */;
			buildPhases = (
				C8A62F421DC2148F00104A41 /* Sources */,
				C8A62F431DC2148F00104A41 /* Frameworks */,
				C8A62F441DC2148F00104A41 /* Resources */,
			);
			buildRules = (
			);
			dependencies = (
				C8A62F481DC2148F00104A41 /* PBXTargetDependency */,
			);
			name = ParseJSONTests;
			productName = ParseJSONTests;
			productReference = C8A62F461DC2148F00104A41 /* ParseJSONTests.xctest */;
			productType = "com.apple.product-type.bundle.unit-test";
		};
		C8A62F501DC2148F00104A41 /* ParseJSONUITests */ = {
			isa = PBXNativeTarget;
			buildConfigurationList = C8A62F601DC2148F00104A41 /* Build configuration list for PBXNativeTarget "ParseJSONUITests" */;
			buildPhases = (
				C8A62F4D1DC2148F00104A41 /* Sources */,
				C8A62F4E1DC2148F00104A41 /* Frameworks */,
				C8A62F4F1DC2148F00104A41 /* Resources */,
			);
			buildRules = (
			);
			dependencies = (
				C8A62F531DC2148F00104A41 /* PBXTargetDependency */,
			);
			name = ParseJSONUITests;
			productName = ParseJSONUITests;
			productReference = C8A62F511DC2148F00104A41 /* ParseJSONUITests.xctest */;
			productType = "com.apple.product-type.bundle.ui-testing";
		};
/* End PBXNativeTarget section */

/* Begin PBXProject section */
		C8A62F2A1DC2148F00104A41 /* Project object */ = {
			isa = PBXProject;
			attributes = {
				LastSwiftUpdateCheck = 0800;
				LastUpgradeCheck = 0800;
				ORGANIZATIONNAME = SHUVO;
				TargetAttributes = {
					C8A62F311DC2148F00104A41 = {
						CreatedOnToolsVersion = 8.0;
						ProvisioningStyle = Automatic;
					};
					C8A62F451DC2148F00104A41 = {
						CreatedOnToolsVersion = 8.0;
						ProvisioningStyle = Automatic;
						TestTargetID = C8A62F311DC2148F00104A41;
					};
					C8A62F501DC2148F00104A41 = {
						CreatedOnToolsVersion = 8.0;
						ProvisioningStyle = Automatic;
						TestTargetID = C8A62F311DC2148F00104A41;
					};
				};
			};
			buildConfigurationList = C8A62F2D1DC2148F00104A41 /* Build configuration list for PBXProject "ParseJSON" */;
			compatibilityVersion = "Xcode 3.2";
			developmentRegion = English;
			hasScannedForEncodings = 0;
			knownRegions = (
				en,
				Base,
			);
			mainGroup = C8A62F291DC2148F00104A41;
			productRefGroup = C8A62F331DC2148F00104A41 /* Products */;
			projectDirPath = "";
			projectRoot = "";
			targets = (
				C8A62F311DC2148F00104A41 /* ParseJSON */,
				C8A62F451DC2148F00104A41 /* ParseJSONTests */,
				C8A62F501DC2148F00104A41 /* ParseJSONUITests */,
			);
		};
/* End PBXProject section */

/* Begin PBXResourcesBuildPhase section */
		C8A62F301DC2148F00104A41 /* Resources */ = {
			isa = PBXResourcesBuildPhase;
			buildActionMask = 2147483647;
			files = (
				C8A62F401DC2148F00104A41 /* LaunchScreen.storyboard in Resources */,
				C8A62F3D1DC2148F00104A41 /* Assets.xcassets in Resources */,
				C8A62F3B1DC2148F00104A41 /* Main.storyboard in Resources */,
				C8A62F661DC2178600104A41 /* JsonFile.json in Resources */,
			);
			runOnlyForDeploymentPostprocessing = 0;
		};
		C8A62F441DC2148F00104A41 /* Resources */ = {
			isa = PBXResourcesBuildPhase;
			buildActionMask = 2147483647;
			files = (
			);
			runOnlyForDeploymentPostprocessing = 0;
		};
		C8A62F4F1DC2148F00104A41 /* Resources */ = {
			isa = PBXResourcesBuildPhase;
			buildActionMask = 2147483647;
			files = (
			);
			runOnlyForDeploymentPostprocessing = 0;
		};
/* End PBXResourcesBuildPhase section */

/* Begin PBXShellScriptBuildPhase section */
		428906F9718E280621308557 /* [CP] Embed Pods Frameworks */ = {
			isa = PBXShellScriptBuildPhase;
			buildActionMask = 2147483647;
			files = (
			);
			inputPaths = (
			);
			name = "[CP] Embed Pods Frameworks";
			outputPaths = (
			);
			runOnlyForDeploymentPostprocessing = 0;
			shellPath = /bin/sh;
			shellScript = "\"${SRCROOT}/Pods/Target Support Files/Pods-ParseJSON/Pods-ParseJSON-frameworks.sh\"\n";
			showEnvVarsInLog = 0;
		};
		73E8F9CCAE6906601E13CCB5 /* [CP] Copy Pods Resources */ = {
			isa = PBXShellScriptBuildPhase;
			buildActionMask = 2147483647;
			files = (
			);
			inputPaths = (
			);
			name = "[CP] Copy Pods Resources";
			outputPaths = (
			);
			runOnlyForDeploymentPostprocessing = 0;
			shellPath = /bin/sh;
			shellScript = "\"${SRCROOT}/Pods/Target Support Files/Pods-ParseJSON/Pods-ParseJSON-resources.sh\"\n";
			showEnvVarsInLog = 0;
		};
		DD7B32A80C022A93AE83CE2F /* [CP] Check Pods Manifest.lock */ = {
			isa = PBXShellScriptBuildPhase;
			buildActionMask = 2147483647;
			files = (
			);
			inputPaths = (
			);
			name = "[CP] Check Pods Manifest.lock";
			outputPaths = (
			);
			runOnlyForDeploymentPostprocessing = 0;
			shellPath = /bin/sh;
			shellScript = "diff \"${PODS_ROOT}/../Podfile.lock\" \"${PODS_ROOT}/Manifest.lock\" > /dev/null\nif [ $? != 0 ] ; then\n    # print error to STDERR\n    echo \"error: The sandbox is not in sync with the Podfile.lock. Run 'pod install' or update your CocoaPods installation.\" >&2\n    exit 1\nfi\n";
			showEnvVarsInLog = 0;
		};
/* End PBXShellScriptBuildPhase section */

/* Begin PBXSourcesBuildPhase section */
		C8A62F2E1DC2148F00104A41 /* Sources */ = {
			isa = PBXSourcesBuildPhase;
			buildActionMask = 2147483647;
			files = (
				C8A62F381DC2148F00104A41 /* ViewController.swift in Sources */,
				C8A62F361DC2148F00104A41 /* AppDelegate.swift in Sources */,
			);
			runOnlyForDeploymentPostprocessing = 0;
		};
		C8A62F421DC2148F00104A41 /* Sources */ = {
			isa = PBXSourcesBuildPhase;
			buildActionMask = 2147483647;
			files = (
				C8A62F4B1DC2148F00104A41 /* ParseJSONTests.swift in Sources */,
			);
			runOnlyForDeploymentPostprocessing = 0;
		};
		C8A62F4D1DC2148F00104A41 /* Sources */ = {
			isa = PBXSourcesBuildPhase;
			buildActionMask = 2147483647;
			files = (
				C8A62F561DC2148F00104A41 /* ParseJSONUITests.swift in Sources */,
			);
			runOnlyForDeploymentPostprocessing = 0;
		};
/* End PBXSourcesBuildPhase section */

/* Begin PBXTargetDependency section */
		C8A62F481DC2148F00104A41 /* PBXTargetDependency */ = {
			isa = PBXTargetDependency;
			target = C8A62F311DC2148F00104A41 /* ParseJSON */;
			targetProxy = C8A62F471DC2148F00104A41 /* PBXContainerItemProxy */;
		};
		C8A62F531DC2148F00104A41 /* PBXTargetDependency */ = {
			isa = PBXTargetDependency;
			target = C8A62F311DC2148F00104A41 /* ParseJSON */;
			targetProxy = C8A62F521DC2148F00104A41 /* PBXContainerItemProxy */;
		};
/* End PBXTargetDependency section */

/* Begin PBXVariantGroup section */
		C8A62F391DC2148F00104A41 /* Main.storyboard */ = {
			isa = PBXVariantGroup;
			children = (
				C8A62F3A1DC2148F00104A41 /* Base */,
			);
			name = Main.storyboard;
			sourceTree = "<group>";
		};
		C8A62F3E1DC2148F00104A41 /* LaunchScreen.storyboard */ = {
			isa = PBXVariantGroup;
			children = (
				C8A62F3F1DC2148F00104A41 /* Base */,
			);
			name = LaunchScreen.storyboard;
			sourceTree = "<group>";
		};
/* End PBXVariantGroup section */

/* Begin XCBuildConfiguration section */
		C8A62F581DC2148F00104A41 /* Debug */ = {
			isa = XCBuildConfiguration;
			buildSettings = {
				ALWAYS_SEARCH_USER_PATHS = NO;
				CLANG_ANALYZER_NONNULL = YES;
				CLANG_CXX_LANGUAGE_STANDARD = "gnu++0x";
				CLANG_CXX_LIBRARY = "libc++";
				CLANG_ENABLE_MODULES = YES;
				CLANG_ENABLE_OBJC_ARC = YES;
				CLANG_WARN_BOOL_CONVERSION = YES;
				CLANG_WARN_CONSTANT_CONVERSION = YES;
				CLANG_WARN_DIRECT_OBJC_ISA_USAGE = YES_ERROR;
				CLANG_WARN_DOCUMENTATION_COMMENTS = YES;
				CLANG_WARN_EMPTY_BODY = YES;
				CLANG_WARN_ENUM_CONVERSION = YES;
				CLANG_WARN_INFINITE_RECURSION = YES;
				CLANG_WARN_INT_CONVERSION = YES;
				CLANG_WARN_OBJC_ROOT_CLASS = YES_ERROR;
				CLANG_WARN_SUSPICIOUS_MOVES = YES;
				CLANG_WARN_UNREACHABLE_CODE = YES;
				CLANG_WARN__DUPLICATE_METHOD_MATCH = YES;
				"CODE_SIGN_IDENTITY[sdk=iphoneos*]" = "iPhone Developer";
				COPY_PHASE_STRIP = NO;
				DEBUG_INFORMATION_FORMAT = dwarf;
				ENABLE_STRICT_OBJC_MSGSEND = YES;
				ENABLE_TESTABILITY = YES;
				GCC_C_LANGUAGE_STANDARD = gnu99;
				GCC_DYNAMIC_NO_PIC = NO;
				GCC_NO_COMMON_BLOCKS = YES;
				GCC_OPTIMIZATION_LEVEL = 0;
				GCC_PREPROCESSOR_DEFINITIONS = (
					"DEBUG=1",
					"$(inherited)",
				);
				GCC_WARN_64_TO_32_BIT_CONVERSION = YES;
				GCC_WARN_ABOUT_RETURN_TYPE = YES_ERROR;
				GCC_WARN_UNDECLARED_SELECTOR = YES;
				GCC_WARN_UNINITIALIZED_AUTOS = YES_AGGRESSIVE;
				GCC_WARN_UNUSED_FUNCTION = YES;
				GCC_WARN_UNUSED_VARIABLE = YES;
				IPHONEOS_DEPLOYMENT_TARGET = 10.0;
				MTL_ENABLE_DEBUG_INFO = YES;
				ONLY_ACTIVE_ARCH = YES;
				SDKROOT = iphoneos;
				SWIFT_ACTIVE_COMPILATION_CONDITIONS = DEBUG;
				SWIFT_OPTIMIZATION_LEVEL = "-Onone";
				TARGETED_DEVICE_FAMILY = "1,2";
			};
			name = Debug;
		};
		C8A62F591DC2148F00104A41 /* Release */ = {
			isa = XCBuildConfiguration;
			buildSettings = {
				ALWAYS_SEARCH_USER_PATHS = NO;
				CLANG_ANALYZER_NONNULL = YES;
				CLANG_CXX_LANGUAGE_STANDARD = "gnu++0x";
				CLANG_CXX_LIBRARY = "libc++";
				CLANG_ENABLE_MODULES = YES;
				CLANG_ENABLE_OBJC_ARC = YES;
				CLANG_WARN_BOOL_CONVERSION = YES;
				CLANG_WARN_CONSTANT_CONVERSION = YES;
				CLANG_WARN_DIRECT_OBJC_ISA_USAGE = YES_ERROR;
				CLANG_WARN_DOCUMENTATION_COMMENTS = YES;
				CLANG_WARN_EMPTY_BODY = YES;
				CLANG_WARN_ENUM_CONVERSION = YES;
				CLANG_WARN_INFINITE_RECURSION = YES;
				CLANG_WARN_INT_CONVERSION = YES;
				CLANG_WARN_OBJC_ROOT_CLASS = YES_ERROR;
				CLANG_WARN_SUSPICIOUS_MOVES = YES;
				CLANG_WARN_UNREACHABLE_CODE = YES;
				CLANG_WARN__DUPLICATE_METHOD_MATCH = YES;
				"CODE_SIGN_IDENTITY[sdk=iphoneos*]" = "iPhone Developer";
				COPY_PHASE_STRIP = NO;
				DEBUG_INFORMATION_FORMAT = "dwarf-with-dsym";
				ENABLE_NS_ASSERTIONS = NO;
				ENABLE_STRICT_OBJC_MSGSEND = YES;
				GCC_C_LANGUAGE_STANDARD = gnu99;
				GCC_NO_COMMON_BLOCKS = YES;
				GCC_WARN_64_TO_32_BIT_CONVERSION = YES;
				GCC_WARN_ABOUT_RETURN_TYPE = YES_ERROR;
				GCC_WARN_UNDECLARED_SELECTOR = YES;
				GCC_WARN_UNINITIALIZED_AUTOS = YES_AGGRESSIVE;
				GCC_WARN_UNUSED_FUNCTION = YES;
				GCC_WARN_UNUSED_VARIABLE = YES;
				IPHONEOS_DEPLOYMENT_TARGET = 10.0;
				MTL_ENABLE_DEBUG_INFO = NO;
				SDKROOT = iphoneos;
				SWIFT_OPTIMIZATION_LEVEL = "-Owholemodule";
				TARGETED_DEVICE_FAMILY = "1,2";
				VALIDATE_PRODUCT = YES;
			};
			name = Release;
		};
		C8A62F5B1DC2148F00104A41 /* Debug */ = {
			isa = XCBuildConfiguration;
			baseConfigurationReference = C7642CB0355CAEE3C290A15C /* Pods-ParseJSON.debug.xcconfig */;
			buildSettings = {
				ASSETCATALOG_COMPILER_APPICON_NAME = AppIcon;
				INFOPLIST_FILE = ParseJSON/Info.plist;
				LD_RUNPATH_SEARCH_PATHS = "$(inherited) @executable_path/Frameworks";
				PRODUCT_BUNDLE_IDENTIFIER = com.shuvo.ParseJSON;
				PRODUCT_NAME = "$(TARGET_NAME)";
				SWIFT_VERSION = 3.0;
			};
			name = Debug;
		};
		C8A62F5C1DC2148F00104A41 /* Release */ = {
			isa = XCBuildConfiguration;
			baseConfigurationReference = F48162F4EAAD9BA84375DF94 /* Pods-ParseJSON.release.xcconfig */;
			buildSettings = {
				ASSETCATALOG_COMPILER_APPICON_NAME = AppIcon;
				INFOPLIST_FILE = ParseJSON/Info.plist;
				LD_RUNPATH_SEARCH_PATHS = "$(inherited) @executable_path/Frameworks";
				PRODUCT_BUNDLE_IDENTIFIER = com.shuvo.ParseJSON;
				PRODUCT_NAME = "$(TARGET_NAME)";
				SWIFT_VERSION = 3.0;
			};
			name = Release;
		};
		C8A62F5E1DC2148F00104A41 /* Debug */ = {
			isa = XCBuildConfiguration;
			buildSettings = {
				ALWAYS_EMBED_SWIFT_STANDARD_LIBRARIES = YES;
				BUNDLE_LOADER = "$(TEST_HOST)";
				INFOPLIST_FILE = ParseJSONTests/Info.plist;
				LD_RUNPATH_SEARCH_PATHS = "$(inherited) @executable_path/Frameworks @loader_path/Frameworks";
				PRODUCT_BUNDLE_IDENTIFIER = com.shuvo.ParseJSONTests;
				PRODUCT_NAME = "$(TARGET_NAME)";
				SWIFT_VERSION = 3.0;
				TEST_HOST = "$(BUILT_PRODUCTS_DIR)/ParseJSON.app/ParseJSON";
			};
			name = Debug;
		};
		C8A62F5F1DC2148F00104A41 /* Release */ = {
			isa = XCBuildConfiguration;
			buildSettings = {
				ALWAYS_EMBED_SWIFT_STANDARD_LIBRARIES = YES;
				BUNDLE_LOADER = "$(TEST_HOST)";
				INFOPLIST_FILE = ParseJSONTests/Info.plist;
				LD_RUNPATH_SEARCH_PATHS = "$(inherited) @executable_path/Frameworks @loader_path/Frameworks";
				PRODUCT_BUNDLE_IDENTIFIER = com.shuvo.ParseJSONTests;
				PRODUCT_NAME = "$(TARGET_NAME)";
				SWIFT_VERSION = 3.0;
				TEST_HOST = "$(BUILT_PRODUCTS_DIR)/ParseJSON.app/ParseJSON";
			};
			name = Release;
		};
		C8A62F611DC2148F00104A41 /* Debug */ = {
			isa = XCBuildConfiguration;
			buildSettings = {
				ALWAYS_EMBED_SWIFT_STANDARD_LIBRARIES = YES;
				INFOPLIST_FILE = ParseJSONUITests/Info.plist;
				LD_RUNPATH_SEARCH_PATHS = "$(inherited) @executable_path/Frameworks @loader_path/Frameworks";
				PRODUCT_BUNDLE_IDENTIFIER = com.shuvo.ParseJSONUITests;
				PRODUCT_NAME = "$(TARGET_NAME)";
				SWIFT_VERSION = 3.0;
				TEST_TARGET_NAME = ParseJSON;
			};
			name = Debug;
		};
		C8A62F621DC2148F00104A41 /* Release */ = {
			isa = XCBuildConfiguration;
			buildSettings = {
				ALWAYS_EMBED_SWIFT_STANDARD_LIBRARIES = YES;
				INFOPLIST_FILE = ParseJSONUITests/Info.plist;
				LD_RUNPATH_SEARCH_PATHS = "$(inherited) @executable_path/Frameworks @loader_path/Frameworks";
				PRODUCT_BUNDLE_IDENTIFIER = com.shuvo.ParseJSONUITests;
				PRODUCT_NAME = "$(TARGET_NAME)";
				SWIFT_VERSION = 3.0;
				TEST_TARGET_NAME = ParseJSON;
			};
			name = Release;
		};
/* End XCBuildConfiguration section */

/* Begin XCConfigurationList section */
		C8A62F2D1DC2148F00104A41 /* Build configuration list for PBXProject "ParseJSON" */ = {
			isa = XCConfigurationList;
			buildConfigurations = (
				C8A62F581DC2148F00104A41 /* Debug */,
				C8A62F591DC2148F00104A41 /* Release */,
			);
			defaultConfigurationIsVisible = 0;
			defaultConfigurationName = Release;
		};
		C8A62F5A1DC2148F00104A41 /* Build configuration list for PBXNativeTarget "ParseJSON" */ = {
			isa = XCConfigurationList;
			buildConfigurations = (
				C8A62F5B1DC2148F00104A41 /* Debug */,
				C8A62F5C1DC2148F00104A41 /* Release */,
			);
			defaultConfigurationIsVisible = 0;
			defaultConfigurationName = Release;
		};
		C8A62F5D1DC2148F00104A41 /* Build configuration list for PBXNativeTarget "ParseJSONTests" */ = {
			isa = XCConfigurationList;
			buildConfigurations = (
				C8A62F5E1DC2148F00104A41 /* Debug */,
				C8A62F5F1DC2148F00104A41 /* Release */,
			);
			defaultConfigurationIsVisible = 0;
			defaultConfigurationName = Release;
		};
		C8A62F601DC2148F00104A41 /* Build configuration list for PBXNativeTarget "ParseJSONUITests" */ = {
			isa = XCConfigurationList;
			buildConfigurations = (
				C8A62F611DC2148F00104A41 /* Debug */,
				C8A62F621DC2148F00104A41 /* Release */,
			);
			defaultConfigurationIsVisible = 0;
			defaultConfigurationName = Release;
		};
/* End XCConfigurationList section */
	};
	rootObject = C8A62F2A1DC2148F00104A41 /* Project object */;
}
